
Microsoft Visual Studio Solution File, Format Version 9.00
# Visual Studio 2005
Project("{8BC9CEB8-8B4A-11D0-8D11-00A0C91BC942}") = "ConsoleTest", "ConsoleTest\ConsoleTest.vcproj", "{4B9D9290-BEF1-45DA-AD08-1DB6A2C17B31}"
EndProject
Project("{8BC9CEB8-8B4A-11D0-8D11-00A0C91BC942}") = "Console", "Console\Console.vcproj", "{0B2D42D6-A8C0-4104-A284-E1CEBEBFF4B4}"
EndProject
Project("{8BC9CEB8-8B4A-11D0-8D11-00A0C91BC942}") = "WindowsTest", "WindowsTest\WindowsTest.vcproj", "{2EE0C625-4D20-4274-9399-E7D1A92FD34A}"
	ProjectSection(ProjectDependencies) = postProject
		{0B2D42D6-A8C0-4104-A284-E1CEBEBFF4B4} = {0B2D42D6-A8C0-4104-A284-E1CEBEBFF4B4}
	EndProjectSection
EndProject
Global
	GlobalSection(SolutionConfigurationPlatforms) = preSolution
		Debug|Win32 = Debug|Win32
		Release|Win32 = Release|Win32
	EndGlobalSection
	GlobalSection(ProjectConfigurationPlatforms) = postSolution
		{4B9D9290-BEF1-45DA-AD08-1DB6A2C17B31}.Debug|Win32.ActiveCfg = Debug|Win32
		{4B9D9290-BEF1-45DA-AD08-1DB6A2C17B31}.Debug|Win32.Build.0 = Debug|Win32
		{4B9D9290-BEF1-45DA-AD08-1DB6A2C17B31}.Release|Win32.ActiveCfg = Release|Win32
		{4B9D9290-BEF1-45DA-AD08-1DB6A2C17B31}.Release|Win32.Build.0 = Release|Win32
		{0B2D42D6-A8C0-4104-A284-E1CEBEBFF4B4}.Debug|Win32.ActiveCfg = Debug|Win32
		{0B2D42D6-A8C0-4104-A284-E1CEBEBFF4B4}.Debug|Win32.Build.0 = Debug|Win32
		{0B2D42D6-A8C0-4104-A284-E1CEBEBFF4B4}.Release|Win32.ActiveCfg = Release|Win32
		{0B2D42D6-A8C0-4104-A284-E1CEBEBFF4B4}.Release|Win32.Build.0 = Release|Win32
		{2EE0C625-4D20-4274-9399-E7D1A92FD34A}.Debug|Win32.ActiveCfg = Debug|Win32
		{2EE0C625-4D20-4274-9399-E7D1A92FD34A}.Debug|Win32.Build.0 = Debug|Win32
		{2EE0C625-4D20-4274-9399-E7D1A92FD34A}.Release|Win32.ActiveCfg = Release|Win32
		{2EE0C625-4D20-4274-9399-E7D1A92FD34A}.Release|Win32.Build.0 = Release|Win32
	EndGlobalSection
	GlobalSection(SolutionProperties) = preSolution
		HideSolutionNode = FALSE
	EndGlobalSection
EndGlobal
